
Microsoft Visual Studio Solution File, Format Version 12.00
# Visual Studio Version 16
VisualStudioVersion = 16.0.31025.194
MinimumVisualStudioVersion = 10.0.40219.1
Project("{FAE04EC0-301F-11D3-BF4B-00C04F79EFBC}") = "CertificateCreator", "CertificateCreator\CertificateCreator.csproj", "{B6FC0251-7378-442D-9829-9427E16D10F4}"
EndProject
Global
	GlobalSection(SolutionConfigurationPlatforms) = preSolution
		Debug|Any CPU = Debug|Any CPU
		Release|Any CPU = Release|Any CPU
	EndGlobalSection
	GlobalSection(ProjectConfigurationPlatforms) = postSolution
		{B6FC0251-7378-442D-9829-9427E16D10F4}.Debug|Any CPU.ActiveCfg = Debug|Any CPU
		{B6FC0251-7378-442D-9829-9427E16D10F4}.Debug|Any CPU.Build.0 = Debug|Any CPU
		{B6FC0251-7378-442D-9829-9427E16D10F4}.Release|Any CPU.ActiveCfg = Release|Any CPU
		{B6FC0251-7378-442D-9829-9427E16D10F4}.Release|Any CPU.Build.0 = Release|Any CPU
	EndGlobalSection
	GlobalSection(SolutionProperties) = preSolution
		HideSolutionNode = FALSE
	EndGlobalSection
	GlobalSection(ExtensibilityGlobals) = postSolution
		SolutionGuid = {49FD08CE-FDD4-489B-AB86-DC33B39926C2}
	EndGlobalSection
EndGlobal
